<?xml version="1.0" encoding="utf-8"?>
<Project ToolsVersion="4.0" xmlns="http://schemas.microsoft.com/developer/msbuild/2003">
  <ItemGroup>
    <Filter Include="Source Files">
      <UniqueIdentifier>{4FC737F1-C7A5-4376-A066-2A32D752A2FF}</UniqueIdentifier>
      <Extensions>cpp;c;cc;cxx;def;odl;idl;hpj;bat;asm;asmx</Extensions>
    </Filter>
    <Filter Include="Header Files">
      <UniqueIdentifier>{93995380-89BD-4b04-88EB-625FBE52EBFB}</UniqueIdentifier>
      <Extensions>h;hpp;hxx;hm;inl;inc;xsd</Extensions>
    </Filter>
    <Filter Include="Resource Files">
      <UniqueIdentifier>{67DA6AB6-F800-4c08-8B7A-83BB121AAD01}</UniqueIdentifier>
      <Extensions>rc;ico;cur;bmp;dlg;rc2;rct;bin;rgs;gif;jpg;jpeg;jpe;resx;tiff;tif;png;wav;mfcribbon-ms</Extensions>
    </Filter>
  </ItemGroup>
  <ItemGroup>
    <ClCompile Include="..\..\compiler\definition.c">
      <Filter>Source Files</Filter>
    </ClCompile>
    <ClCompile Include="..\..\compiler\il.c">
      <Filter>Source Files</Filter>
    </ClCompile>
    <ClCompile Include="..\..\compiler\include_file.c">
      <Filter>Source Files</Filter>
    </ClCompile>
    <ClCompile Include="..\..\compiler\inline_asm.c">
      <Filter>Source Files</Filter>
    </ClCompile>
    <ClCompile Include="..\..\compiler\inline_asm_z80.c">
      <Filter>Source Files</Filter>
    </ClCompile>
    <ClCompile Include="..\..\compiler\main.c">
      <Filter>Source Files</Filter>
    </ClCompile>
    <ClCompile Include="..\..\compiler\parse.c">
      <Filter>Source Files</Filter>
    </ClCompile>
    <ClCompile Include="..\..\compiler\pass_1.c">
      <Filter>Source Files</Filter>
    </ClCompile>
    <ClCompile Include="..\..\compiler\pass_2.c">
      <Filter>Source Files</Filter>
    </ClCompile>
    <ClCompile Include="..\..\compiler\pass_3.c">
      <Filter>Source Files</Filter>
    </ClCompile>
    <ClCompile Include="..\..\compiler\pass_4.c">
      <Filter>Source Files</Filter>
    </ClCompile>
    <ClCompile Include="..\..\compiler\pass_5.c">
      <Filter>Source Files</Filter>
    </ClCompile>
    <ClCompile Include="..\..\compiler\pass_6_z80.c">
      <Filter>Source Files</Filter>
    </ClCompile>
    <ClCompile Include="..\..\compiler\printf.c">
      <Filter>Source Files</Filter>
    </ClCompile>
    <ClCompile Include="..\..\compiler\source_line_manager.c">
      <Filter>Source Files</Filter>
    </ClCompile>
    <ClCompile Include="..\..\compiler\stack.c">
      <Filter>Source Files</Filter>
    </ClCompile>
    <ClCompile Include="..\..\compiler\struct_item.c">
      <Filter>Source Files</Filter>
    </ClCompile>
    <ClCompile Include="..\..\compiler\symbol_table.c">
      <Filter>Source Files</Filter>
    </ClCompile>
    <ClCompile Include="..\..\compiler\tac.c">
      <Filter>Source Files</Filter>
    </ClCompile>
    <ClCompile Include="..\..\compiler\token.c">
      <Filter>Source Files</Filter>
    </ClCompile>
    <ClCompile Include="..\..\compiler\tree_node.c">
      <Filter>Source Files</Filter>
    </ClCompile>
  </ItemGroup>
  <ItemGroup>
    <ClInclude Include="..\..\compiler\tree_node.h">
      <Filter>Header Files</Filter>
    </ClInclude>
    <ClInclude Include="..\..\compiler\token.h">
      <Filter>Header Files</Filter>
    </ClInclude>
    <ClInclude Include="..\..\compiler\tac.h">
      <Filter>Header Files</Filter>
    </ClInclude>
    <ClInclude Include="..\..\compiler\symbol_table.h">
      <Filter>Header Files</Filter>
    </ClInclude>
    <ClInclude Include="..\..\compiler\struct_item.h">
      <Filter>Header Files</Filter>
    </ClInclude>
    <ClInclude Include="..\..\compiler\stack.h">
      <Filter>Header Files</Filter>
    </ClInclude>
    <ClInclude Include="..\..\compiler\source_line_manager.h">
      <Filter>Header Files</Filter>
    </ClInclude>
    <ClInclude Include="..\..\compiler\printf.h">
      <Filter>Header Files</Filter>
    </ClInclude>
    <ClInclude Include="..\..\compiler\pass_6_z80.h">
      <Filter>Header Files</Filter>
    </ClInclude>
    <ClInclude Include="..\..\compiler\pass_5.h">
      <Filter>Header Files</Filter>
    </ClInclude>
    <ClInclude Include="..\..\compiler\pass_4.h">
      <Filter>Header Files</Filter>
    </ClInclude>
    <ClInclude Include="..\..\compiler\pass_3.h">
      <Filter>Header Files</Filter>
    </ClInclude>
    <ClInclude Include="..\..\compiler\pass_2.h">
      <Filter>Header Files</Filter>
    </ClInclude>
    <ClInclude Include="..\..\compiler\pass_1.h">
      <Filter>Header Files</Filter>
    </ClInclude>
    <ClInclude Include="..\..\compiler\parse.h">
      <Filter>Header Files</Filter>
    </ClInclude>
    <ClInclude Include="..\..\compiler\main.h">
      <Filter>Header Files</Filter>
    </ClInclude>
    <ClInclude Include="..\..\compiler\inline_asm_z80.h">
      <Filter>Header Files</Filter>
    </ClInclude>
    <ClInclude Include="..\..\compiler\inline_asm.h">
      <Filter>Header Files</Filter>
    </ClInclude>
    <ClInclude Include="..\..\compiler\include_file.h">
      <Filter>Header Files</Filter>
    </ClInclude>
    <ClInclude Include="..\..\compiler\il.h">
      <Filter>Header Files</Filter>
    </ClInclude>
    <ClInclude Include="..\..\compiler\definition.h">
      <Filter>Header Files</Filter>
    </ClInclude>
    <ClInclude Include="..\..\compiler\defines.h">
      <Filter>Header Files</Filter>
    </ClInclude>
  </ItemGroup>
</Project>